// !$*UTF8*$!
{
	archiveVersion = 1;
	classes = {
	};
	objectVersion = 46;
	objects = {

/* Begin PBXBuildFile section */
		3802E0851DACE4C9008B9737 /* main.m in Sources */ = {isa = PBXBuildFile; fileRef = 3802E0841DACE4C9008B9737 /* main.m */; };
		3802E0881DACE4C9008B9737 /* AppDelegate.m in Sources */ = {isa = PBXBuildFile; fileRef = 3802E0871DACE4C9008B9737 /* AppDelegate.m */; };
		3802E08B1DACE4C9008B9737 /* ViewController.m in Sources */ = {isa = PBXBuildFile; fileRef = 3802E08A1DACE4C9008B9737 /* ViewController.m */; };
		3802E08E1DACE4C9008B9737 /* Main.storyboard in Resources */ = {isa = PBXBuildFile; fileRef = 3802E08C1DACE4C9008B9737 /* Main.storyboard */; };
		3802E0901DACE4C9008B9737 /* Assets.xcassets in Resources */ = {isa = PBXBuildFile; fileRef = 3802E08F1DACE4C9008B9737 /* Assets.xcassets */; };
		3802E0931DACE4C9008B9737 /* LaunchScreen.storyboard in Resources */ = {isa = PBXBuildFile; fileRef = 3802E0911DACE4C9008B9737 /* LaunchScreen.storyboard */; };
		3802E09C1DACE546008B9737 /* NSURLProtocol+WebKitSupport.m in Sources */ = {isa = PBXBuildFile; fileRef = 3802E09B1DACE546008B9737 /* NSURLProtocol+WebKitSupport.m */; };
		3802E0A01DACE5C5008B9737 /* ReplacingImageURLProtocol.m in Sources */ = {isa = PBXBuildFile; fileRef = 3802E09F1DACE5C5008B9737 /* ReplacingImageURLProtocol.m */; };
		3802E0A21DACE663008B9737 /* image.png in Resources */ = {isa = PBXBuildFile; fileRef = 3802E0A11DACE663008B9737 /* image.png */; };
		3802E0A51DACEEF8008B9737 /* RootViewController.m in Sources */ = {isa = PBXBuildFile; fileRef = 3802E0A41DACEEF8008B9737 /* RootViewController.m */; };
/* End PBXBuildFile section */

/* Begin PBXFileReference section */
		3802E0801DACE4C9008B9737 /* NSURLProtocol+WebKitSupport.app */ = {isa = PBXFileReference; explicitFileType = wrapper.application; includeInIndex = 0; path = "NSURLProtocol+WebKitSupport.app"; sourceTree = BUILT_PRODUCTS_DIR; };
		3802E0841DACE4C9008B9737 /* main.m */ = {isa = PBXFileReference; lastKnownFileType = sourcecode.c.objc; path = main.m; sourceTree = "<group>"; };
		3802E0861DACE4C9008B9737 /* AppDelegate.h */ = {isa = PBXFileReference; lastKnownFileType = sourcecode.c.h; path = AppDelegate.h; sourceTree = "<group>"; };
		3802E0871DACE4C9008B9737 /* AppDelegate.m */ = {isa = PBXFileReference; lastKnownFileType = sourcecode.c.objc; path = AppDelegate.m; sourceTree = "<group>"; };
		3802E0891DACE4C9008B9737 /* ViewController.h */ = {isa = PBXFileReference; lastKnownFileType = sourcecode.c.h; path = ViewController.h; sourceTree = "<group>"; };
		3802E08A1DACE4C9008B9737 /* ViewController.m */ = {isa = PBXFileReference; lastKnownFileType = sourcecode.c.objc; path = ViewController.m; sourceTree = "<group>"; };
		3802E08D1DACE4C9008B9737 /* Base */ = {isa = PBXFileReference; lastKnownFileType = file.storyboard; name = Base; path = Base.lproj/Main.storyboard; sourceTree = "<group>"; };
		3802E08F1DACE4C9008B9737 /* Assets.xcassets */ = {isa = PBXFileReference; lastKnownFileType = folder.assetcatalog; path = Assets.xcassets; sourceTree = "<group>"; };
		3802E0921DACE4C9008B9737 /* Base */ = {isa = PBXFileReference; lastKnownFileType = file.storyboard; name = Base; path = Base.lproj/LaunchScreen.storyboard; sourceTree = "<group>"; };
		3802E0941DACE4C9008B9737 /* Info.plist */ = {isa = PBXFileReference; lastKnownFileType = text.plist.xml; path = Info.plist; sourceTree = "<group>"; };
		3802E09A1DACE546008B9737 /* NSURLProtocol+WebKitSupport.h */ = {isa = PBXFileReference; fileEncoding = 4; lastKnownFileType = sourcecode.c.h; name = "NSURLProtocol+WebKitSupport.h"; path = "Source/NSURLProtocol+WebKitSupport.h"; sourceTree = "<group>"; };
		3802E09B1DACE546008B9737 /* NSURLProtocol+WebKitSupport.m */ = {isa = PBXFileReference; fileEncoding = 4; lastKnownFileType = sourcecode.c.objc; name = "NSURLProtocol+WebKitSupport.m"; path = "Source/NSURLProtocol+WebKitSupport.m"; sourceTree = "<group>"; };
		3802E09E1DACE5C4008B9737 /* ReplacingImageURLProtocol.h */ = {isa = PBXFileReference; fileEncoding = 4; lastKnownFileType = sourcecode.c.h; path = ReplacingImageURLProtocol.h; sourceTree = "<group>"; };
		3802E09F1DACE5C5008B9737 /* ReplacingImageURLProtocol.m */ = {isa = PBXFileReference; fileEncoding = 4; lastKnownFileType = sourcecode.c.objc; path = ReplacingImageURLProtocol.m; sourceTree = "<group>"; };
		3802E0A11DACE663008B9737 /* image.png */ = {isa = PBXFileReference; lastKnownFileType = image.png; path = image.png; sourceTree = "<group>"; };
		3802E0A31DACEEF8008B9737 /* RootViewController.h */ = {isa = PBXFileReference; fileEncoding = 4; lastKnownFileType = sourcecode.c.h; path = RootViewController.h; sourceTree = "<group>"; };
		3802E0A41DACEEF8008B9737 /* RootViewController.m */ = {isa = PBXFileReference; fileEncoding = 4; lastKnownFileType = sourcecode.c.objc; path = RootViewController.m; sourceTree = "<group>"; };
/* End PBXFileReference section */

/* Begin PBXFrameworksBuildPhase section */
		3802E07D1DACE4C9008B9737 /* Frameworks */ = {
			isa = PBXFrameworksBuildPhase;
			buildActionMask = 2147483647;
			files = (
			);
			runOnlyForDeploymentPostprocessing = 0;
		};
/* End PBXFrameworksBuildPhase section */

/* Begin PBXGroup section */
		3802E0771DACE4C9008B9737 = {
			isa = PBXGroup;
			children = (
				3802E0821DACE4C9008B9737 /* NSURLProtocol+WebKitSupport */,
				3802E09D1DACE54A008B9737 /* Source */,
				3802E0811DACE4C9008B9737 /* Products */,
			);
			sourceTree = "<group>";
		};
		3802E0811DACE4C9008B9737 /* Products */ = {
			isa = PBXGroup;
			children = (
				3802E0801DACE4C9008B9737 /* NSURLProtocol+WebKitSupport.app */,
			);
			name = Products;
			sourceTree = "<group>";
		};
		3802E0821DACE4C9008B9737 /* NSURLProtocol+WebKitSupport */ = {
			isa = PBXGroup;
			children = (
				3802E0861DACE4C9008B9737 /* AppDelegate.h */,
				3802E0871DACE4C9008B9737 /* AppDelegate.m */,
				3802E0891DACE4C9008B9737 /* ViewController.h */,
				3802E08A1DACE4C9008B9737 /* ViewController.m */,
				3802E0A31DACEEF8008B9737 /* RootViewController.h */,
				3802E0A41DACEEF8008B9737 /* RootViewController.m */,
				3802E09E1DACE5C4008B9737 /* ReplacingImageURLProtocol.h */,
				3802E09F1DACE5C5008B9737 /* ReplacingImageURLProtocol.m */,
				3802E0A11DACE663008B9737 /* image.png */,
				3802E08C1DACE4C9008B9737 /* Main.storyboard */,
				3802E08F1DACE4C9008B9737 /* Assets.xcassets */,
				3802E0911DACE4C9008B9737 /* LaunchScreen.storyboard */,
				3802E0941DACE4C9008B9737 /* Info.plist */,
				3802E0831DACE4C9008B9737 /* Supporting Files */,
			);
			path = "NSURLProtocol+WebKitSupport";
			sourceTree = "<group>";
		};
		3802E0831DACE4C9008B9737 /* Supporting Files */ = {
			isa = PBXGroup;
			children = (
				3802E0841DACE4C9008B9737 /* main.m */,
			);
			name = "Supporting Files";
			sourceTree = "<group>";
		};
		3802E09D1DACE54A008B9737 /* Source */ = {
			isa = PBXGroup;
			children = (
				3802E09A1DACE546008B9737 /* NSURLProtocol+WebKitSupport.h */,
				3802E09B1DACE546008B9737 /* NSURLProtocol+WebKitSupport.m */,
			);
			name = Source;
			sourceTree = "<group>";
		};
/* End PBXGroup section */

/* Begin PBXNativeTarget section */
		3802E07F1DACE4C9008B9737 /* NSURLProtocol+WebKitSupport */ = {
			isa = PBXNativeTarget;
			buildConfigurationList = 3802E0971DACE4C9008B9737 /* Build configuration list for PBXNativeTarget "NSURLProtocol+WebKitSupport" */;
			buildPhases = (
				3802E07C1DACE4C9008B9737 /* Sources */,
				3802E07D1DACE4C9008B9737 /* Frameworks */,
				3802E07E1DACE4C9008B9737 /* Resources */,
			);
			buildRules = (
			);
			dependencies = (
			);
			name = "NSURLProtocol+WebKitSupport";
			productName = "NSURLProtocol+WebKitSupport";
			productReference = 3802E0801DACE4C9008B9737 /* NSURLProtocol+WebKitSupport.app */;
			productType = "com.apple.product-type.application";
		};
/* End PBXNativeTarget section */

/* Begin PBXProject section */
		3802E0781DACE4C9008B9737 /* Project object */ = {
			isa = PBXProject;
			attributes = {
				LastUpgradeCheck = 0800;
				ORGANIZATIONNAME = Yeatse;
				TargetAttributes = {
					3802E07F1DACE4C9008B9737 = {
						CreatedOnToolsVersion = 8.0;
						DevelopmentTeam = TJT2HAB95B;
						ProvisioningStyle = Automatic;
					};
				};
			};
			buildConfigurationList = 3802E07B1DACE4C9008B9737 /* Build configuration list for PBXProject "NSURLProtocol+WebKitSupport" */;
			compatibilityVersion = "Xcode 3.2";
			developmentRegion = English;
			hasScannedForEncodings = 0;
			knownRegions = (
				en,
				Base,
			);
			mainGroup = 3802E0771DACE4C9008B9737;
			productRefGroup = 3802E0811DACE4C9008B9737 /* Products */;
			projectDirPath = "";
			projectRoot = "";
			targets = (
				3802E07F1DACE4C9008B9737 /* NSURLProtocol+WebKitSupport */,
			);
		};
/* End PBXProject section */

/* Begin PBXResourcesBuildPhase section */
		3802E07E1DACE4C9008B9737 /* Resources */ = {
			isa = PBXResourcesBuildPhase;
			buildActionMask = 2147483647;
			files = (
				3802E0A21DACE663008B9737 /* image.png in Resources */,
				3802E0931DACE4C9008B9737 /* LaunchScreen.storyboard in Resources */,
				3802E0901DACE4C9008B9737 /* Assets.xcassets in Resources */,
				3802E08E1DACE4C9008B9737 /* Main.storyboard in Resources */,
			);
			runOnlyForDeploymentPostprocessing = 0;
		};
/* End PBXResourcesBuildPhase section */

/* Begin PBXSourcesBuildPhase section */
		3802E07C1DACE4C9008B9737 /* Sources */ = {
			isa = PBXSourcesBuildPhase;
			buildActionMask = 2147483647;
			files = (
				3802E09C1DACE546008B9737 /* NSURLProtocol+WebKitSupport.m in Sources */,
				3802E0A01DACE5C5008B9737 /* ReplacingImageURLProtocol.m in Sources */,
				3802E0A51DACEEF8008B9737 /* RootViewController.m in Sources */,
				3802E08B1DACE4C9008B9737 /* ViewController.m in Sources */,
				3802E0881DACE4C9008B9737 /* AppDelegate.m in Sources */,
				3802E0851DACE4C9008B9737 /* main.m in Sources */,
			);
			runOnlyForDeploymentPostprocessing = 0;
		};
/* End PBXSourcesBuildPhase section */

/* Begin PBXVariantGroup section */
		3802E08C1DACE4C9008B9737 /* Main.storyboard */ = {
			isa = PBXVariantGroup;
			children = (
				3802E08D1DACE4C9008B9737 /* Base */,
			);
			name = Main.storyboard;
			sourceTree = "<group>";
		};
		3802E0911DACE4C9008B9737 /* LaunchScreen.storyboard */ = {
			isa = PBXVariantGroup;
			children = (
				3802E0921DACE4C9008B9737 /* Base */,
			);
			name = LaunchScreen.storyboard;
			sourceTree = "<group>";
		};
/* End PBXVariantGroup section */

/* Begin XCBuildConfiguration section */
		3802E0951DACE4C9008B9737 /* Debug */ = {
			isa = XCBuildConfiguration;
			buildSettings = {
				ALWAYS_SEARCH_USER_PATHS = NO;
				CLANG_ANALYZER_NONNULL = YES;
				CLANG_CXX_LANGUAGE_STANDARD = "gnu++0x";
				CLANG_CXX_LIBRARY = "libc++";
				CLANG_ENABLE_MODULES = YES;
				CLANG_ENABLE_OBJC_ARC = YES;
				CLANG_WARN_BOOL_CONVERSION = YES;
				CLANG_WARN_CONSTANT_CONVERSION = YES;
				CLANG_WARN_DIRECT_OBJC_ISA_USAGE = YES_ERROR;
				CLANG_WARN_DOCUMENTATION_COMMENTS = YES;
				CLANG_WARN_EMPTY_BODY = YES;
				CLANG_WARN_ENUM_CONVERSION = YES;
				CLANG_WARN_INFINITE_RECURSION = YES;
				CLANG_WARN_INT_CONVERSION = YES;
				CLANG_WARN_OBJC_ROOT_CLASS = YES_ERROR;
				CLANG_WARN_SUSPICIOUS_MOVES = YES;
				CLANG_WARN_UNREACHABLE_CODE = YES;
				CLANG_WARN__DUPLICATE_METHOD_MATCH = YES;
				"CODE_SIGN_IDENTITY[sdk=iphoneos*]" = "iPhone Developer";
				COPY_PHASE_STRIP = NO;
				DEBUG_INFORMATION_FORMAT = dwarf;
				ENABLE_STRICT_OBJC_MSGSEND = YES;
				ENABLE_TESTABILITY = YES;
				GCC_C_LANGUAGE_STANDARD = gnu99;
				GCC_DYNAMIC_NO_PIC = NO;
				GCC_NO_COMMON_BLOCKS = YES;
				GCC_OPTIMIZATION_LEVEL = 0;
				GCC_PREPROCESSOR_DEFINITIONS = (
					"DEBUG=1",
					"$(inherited)",
				);
				GCC_WARN_64_TO_32_BIT_CONVERSION = YES;
				GCC_WARN_ABOUT_RETURN_TYPE = YES_ERROR;
				GCC_WARN_UNDECLARED_SELECTOR = YES;
				GCC_WARN_UNINITIALIZED_AUTOS = YES_AGGRESSIVE;
				GCC_WARN_UNUSED_FUNCTION = YES;
				GCC_WARN_UNUSED_VARIABLE = YES;
				IPHONEOS_DEPLOYMENT_TARGET = 10.0;
				MTL_ENABLE_DEBUG_INFO = YES;
				ONLY_ACTIVE_ARCH = YES;
				SDKROOT = iphoneos;
				TARGETED_DEVICE_FAMILY = "1,2";
			};
			name = Debug;
		};
		3802E0961DACE4C9008B9737 /* Release */ = {
			isa = XCBuildConfiguration;
			buildSettings = {
				ALWAYS_SEARCH_USER_PATHS = NO;
				CLANG_ANALYZER_NONNULL = YES;
				CLANG_CXX_LANGUAGE_STANDARD = "gnu++0x";
				CLANG_CXX_LIBRARY = "libc++";
				CLANG_ENABLE_MODULES = YES;
				CLANG_ENABLE_OBJC_ARC = YES;
				CLANG_WARN_BOOL_CONVERSION = YES;
				CLANG_WARN_CONSTANT_CONVERSION = YES;
				CLANG_WARN_DIRECT_OBJC_ISA_USAGE = YES_ERROR;
				CLANG_WARN_DOCUMENTATION_COMMENTS = YES;
				CLANG_WARN_EMPTY_BODY = YES;
				CLANG_WARN_ENUM_CONVERSION = YES;
				CLANG_WARN_INFINITE_RECURSION = YES;
				CLANG_WARN_INT_CONVERSION = YES;
				CLANG_WARN_OBJC_ROOT_CLASS = YES_ERROR;
				CLANG_WARN_SUSPICIOUS_MOVES = YES;
				CLANG_WARN_UNREACHABLE_CODE = YES;
				CLANG_WARN__DUPLICATE_METHOD_MATCH = YES;
				"CODE_SIGN_IDENTITY[sdk=iphoneos*]" = "iPhone Developer";
				COPY_PHASE_STRIP = NO;
				DEBUG_INFORMATION_FORMAT = "dwarf-with-dsym";
				ENABLE_NS_ASSERTIONS = NO;
				ENABLE_STRICT_OBJC_MSGSEND = YES;
				GCC_C_LANGUAGE_STANDARD = gnu99;
				GCC_NO_COMMON_BLOCKS = YES;
				GCC_WARN_64_TO_32_BIT_CONVERSION = YES;
				GCC_WARN_ABOUT_RETURN_TYPE = YES_ERROR;
				GCC_WARN_UNDECLARED_SELECTOR = YES;
				GCC_WARN_UNINITIALIZED_AUTOS = YES_AGGRESSIVE;
				GCC_WARN_UNUSED_FUNCTION = YES;
				GCC_WARN_UNUSED_VARIABLE = YES;
				IPHONEOS_DEPLOYMENT_TARGET = 10.0;
				MTL_ENABLE_DEBUG_INFO = NO;
				SDKROOT = iphoneos;
				TARGETED_DEVICE_FAMILY = "1,2";
				VALIDATE_PRODUCT = YES;
			};
			name = Release;
		};
		3802E0981DACE4C9008B9737 /* Debug */ = {
			isa = XCBuildConfiguration;
			buildSettings = {
				ASSETCATALOG_COMPILER_APPICON_NAME = AppIcon;
				DEVELOPMENT_TEAM = TJT2HAB95B;
				INFOPLIST_FILE = "NSURLProtocol+WebKitSupport/Info.plist";
				LD_RUNPATH_SEARCH_PATHS = "$(inherited) @executable_path/Frameworks";
				PRODUCT_BUNDLE_IDENTIFIER = "com.yeatse.NSURLProtocol-WebKitSupport";
				PRODUCT_NAME = "$(TARGET_NAME)";
			};
			name = Debug;
		};
		3802E0991DACE4C9008B9737 /* Release */ = {
			isa = XCBuildConfiguration;
			buildSettings = {
				ASSETCATALOG_COMPILER_APPICON_NAME = AppIcon;
				DEVELOPMENT_TEAM = TJT2HAB95B;
				INFOPLIST_FILE = "NSURLProtocol+WebKitSupport/Info.plist";
				LD_RUNPATH_SEARCH_PATHS = "$(inherited) @executable_path/Frameworks";
				PRODUCT_BUNDLE_IDENTIFIER = "com.yeatse.NSURLProtocol-WebKitSupport";
				PRODUCT_NAME = "$(TARGET_NAME)";
			};
			name = Release;
		};
/* End XCBuildConfiguration section */

/* Begin XCConfigurationList section */
		3802E07B1DACE4C9008B9737 /* Build configuration list for PBXProject "NSURLProtocol+WebKitSupport" */ = {
			isa = XCConfigurationList;
			buildConfigurations = (
				3802E0951DACE4C9008B9737 /* Debug */,
				3802E0961DACE4C9008B9737 /* Release */,
			);
			defaultConfigurationIsVisible = 0;
			defaultConfigurationName = Release;
		};
		3802E0971DACE4C9008B9737 /* Build configuration list for PBXNativeTarget "NSURLProtocol+WebKitSupport" */ = {
			isa = XCConfigurationList;
			buildConfigurations = (
				3802E0981DACE4C9008B9737 /* Debug */,
				3802E0991DACE4C9008B9737 /* Release */,
			);
			defaultConfigurationIsVisible = 0;
			defaultConfigurationName = Release;
		};
/* End XCConfigurationList section */
	};
	rootObject = 3802E0781DACE4C9008B9737 /* Project object */;
}
